// !$*UTF8*$!
{
	archiveVersion = 1;
	classes = {
	};
	objectVersion = 48;
	objects = {

/* Begin PBXBuildFile section */
		3CDDC5592059CDD400E1C721 /* AppDelegate.swift in Sources */ = {isa = PBXBuildFile; fileRef = 3CDDC5582059CDD400E1C721 /* AppDelegate.swift */; };
		3CDDC55B2059CDD400E1C721 /* ViewController.swift in Sources */ = {isa = PBXBuildFile; fileRef = 3CDDC55A2059CDD400E1C721 /* ViewController.swift */; };
		3CDDC55E2059CDD400E1C721 /* Main.storyboard in Resources */ = {isa = PBXBuildFile; fileRef = 3CDDC55C2059CDD400E1C721 /* Main.storyboard */; };
		3CDDC5602059CDD400E1C721 /* Assets.xcassets in Resources */ = {isa = PBXBuildFile; fileRef = 3CDDC55F2059CDD400E1C721 /* Assets.xcassets */; };
		3CDDC5632059CDD400E1C721 /* LaunchScreen.storyboard in Resources */ = {isa = PBXBuildFile; fileRef = 3CDDC5612059CDD400E1C721 /* LaunchScreen.storyboard */; };
		3CDDC56E2059CDD400E1C721 /* BookItUITests.swift in Sources */ = {isa = PBXBuildFile; fileRef = 3CDDC56D2059CDD400E1C721 /* BookItUITests.swift */; };
/* End PBXBuildFile section */

/* Begin PBXContainerItemProxy section */
		3CDDC56A2059CDD400E1C721 /* PBXContainerItemProxy */ = {
			isa = PBXContainerItemProxy;
			containerPortal = 3CDDC54D2059CDD400E1C721 /* Project object */;
			proxyType = 1;
			remoteGlobalIDString = 3CDDC5542059CDD400E1C721;
			remoteInfo = BookIt;
		};
/* End PBXContainerItemProxy section */

/* Begin PBXFileReference section */
		3CDDC5552059CDD400E1C721 /* BookIt.app */ = {isa = PBXFileReference; explicitFileType = wrapper.application; includeInIndex = 0; path = BookIt.app; sourceTree = BUILT_PRODUCTS_DIR; };
		3CDDC5582059CDD400E1C721 /* AppDelegate.swift */ = {isa = PBXFileReference; lastKnownFileType = sourcecode.swift; path = AppDelegate.swift; sourceTree = "<group>"; };
		3CDDC55A2059CDD400E1C721 /* ViewController.swift */ = {isa = PBXFileReference; lastKnownFileType = sourcecode.swift; path = ViewController.swift; sourceTree = "<group>"; };
		3CDDC55D2059CDD400E1C721 /* Base */ = {isa = PBXFileReference; lastKnownFileType = file.storyboard; name = Base; path = Base.lproj/Main.storyboard; sourceTree = "<group>"; };
		3CDDC55F2059CDD400E1C721 /* Assets.xcassets */ = {isa = PBXFileReference; lastKnownFileType = folder.assetcatalog; path = Assets.xcassets; sourceTree = "<group>"; };
		3CDDC5622059CDD400E1C721 /* Base */ = {isa = PBXFileReference; lastKnownFileType = file.storyboard; name = Base; path = Base.lproj/LaunchScreen.storyboard; sourceTree = "<group>"; };
		3CDDC5642059CDD400E1C721 /* Info.plist */ = {isa = PBXFileReference; lastKnownFileType = text.plist.xml; path = Info.plist; sourceTree = "<group>"; };
		3CDDC5692059CDD400E1C721 /* BookItUITests.xctest */ = {isa = PBXFileReference; explicitFileType = wrapper.cfbundle; includeInIndex = 0; path = BookItUITests.xctest; sourceTree = BUILT_PRODUCTS_DIR; };
		3CDDC56D2059CDD400E1C721 /* BookItUITests.swift */ = {isa = PBXFileReference; lastKnownFileType = sourcecode.swift; path = BookItUITests.swift; sourceTree = "<group>"; };
		3CDDC56F2059CDD400E1C721 /* Info.plist */ = {isa = PBXFileReference; lastKnownFileType = text.plist.xml; path = Info.plist; sourceTree = "<group>"; };
/* End PBXFileReference section */

/* Begin PBXFrameworksBuildPhase section */
		3CDDC5522059CDD400E1C721 /* Frameworks */ = {
			isa = PBXFrameworksBuildPhase;
			buildActionMask = 2147483647;
			files = (
			);
			runOnlyForDeploymentPostprocessing = 0;
		};
		3CDDC5662059CDD400E1C721 /* Frameworks */ = {
			isa = PBXFrameworksBuildPhase;
			buildActionMask = 2147483647;
			files = (
			);
			runOnlyForDeploymentPostprocessing = 0;
		};
/* End PBXFrameworksBuildPhase section */

/* Begin PBXGroup section */
		3CDDC54C2059CDD400E1C721 = {
			isa = PBXGroup;
			children = (
				3CDDC5572059CDD400E1C721 /* BookIt */,
				3CDDC56C2059CDD400E1C721 /* BookItUITests */,
				3CDDC5562059CDD400E1C721 /* Products */,
			);
			sourceTree = "<group>";
		};
		3CDDC5562059CDD400E1C721 /* Products */ = {
			isa = PBXGroup;
			children = (
				3CDDC5552059CDD400E1C721 /* BookIt.app */,
				3CDDC5692059CDD400E1C721 /* BookItUITests.xctest */,
			);
			name = Products;
			sourceTree = "<group>";
		};
		3CDDC5572059CDD400E1C721 /* BookIt */ = {
			isa = PBXGroup;
			children = (
				3CDDC5582059CDD400E1C721 /* AppDelegate.swift */,
				3CDDC55A2059CDD400E1C721 /* ViewController.swift */,
				3CDDC55C2059CDD400E1C721 /* Main.storyboard */,
				3CDDC55F2059CDD400E1C721 /* Assets.xcassets */,
				3CDDC5612059CDD400E1C721 /* LaunchScreen.storyboard */,
				3CDDC5642059CDD400E1C721 /* Info.plist */,
			);
			path = BookIt;
			sourceTree = "<group>";
		};
		3CDDC56C2059CDD400E1C721 /* BookItUITests */ = {
			isa = PBXGroup;
			children = (
				3CDDC56D2059CDD400E1C721 /* BookItUITests.swift */,
				3CDDC56F2059CDD400E1C721 /* Info.plist */,
			);
			path = BookItUITests;
			sourceTree = "<group>";
		};
/* End PBXGroup section */

/* Begin PBXNativeTarget section */
		3CDDC5542059CDD400E1C721 /* BookIt */ = {
			isa = PBXNativeTarget;
			buildConfigurationList = 3CDDC5722059CDD400E1C721 /* Build configuration list for PBXNativeTarget "BookIt" */;
			buildPhases = (
				3CDDC5512059CDD400E1C721 /* Sources */,
				3CDDC5522059CDD400E1C721 /* Frameworks */,
				3CDDC5532059CDD400E1C721 /* Resources */,
			);
			buildRules = (
			);
			dependencies = (
			);
			name = BookIt;
			productName = BookIt;
			productReference = 3CDDC5552059CDD400E1C721 /* BookIt.app */;
			productType = "com.apple.product-type.application";
		};
		3CDDC5682059CDD400E1C721 /* BookItUITests */ = {
			isa = PBXNativeTarget;
			buildConfigurationList = 3CDDC5752059CDD400E1C721 /* Build configuration list for PBXNativeTarget "BookItUITests" */;
			buildPhases = (
				3CDDC5652059CDD400E1C721 /* Sources */,
				3CDDC5662059CDD400E1C721 /* Frameworks */,
				3CDDC5672059CDD400E1C721 /* Resources */,
			);
			buildRules = (
			);
			dependencies = (
				3CDDC56B2059CDD400E1C721 /* PBXTargetDependency */,
			);
			name = BookItUITests;
			productName = BookItUITests;
			productReference = 3CDDC5692059CDD400E1C721 /* BookItUITests.xctest */;
			productType = "com.apple.product-type.bundle.ui-testing";
		};
/* End PBXNativeTarget section */

/* Begin PBXProject section */
		3CDDC54D2059CDD400E1C721 /* Project object */ = {
			isa = PBXProject;
			attributes = {
				LastSwiftUpdateCheck = 0920;
				LastUpgradeCheck = 0920;
				ORGANIZATIONNAME = "Bryant Brothers";
				TargetAttributes = {
					3CDDC5542059CDD400E1C721 = {
						CreatedOnToolsVersion = 9.2;
						ProvisioningStyle = Automatic;
					};
					3CDDC5682059CDD400E1C721 = {
						CreatedOnToolsVersion = 9.2;
						ProvisioningStyle = Automatic;
						TestTargetID = 3CDDC5542059CDD400E1C721;
					};
				};
			};
			buildConfigurationList = 3CDDC5502059CDD400E1C721 /* Build configuration list for PBXProject "BookIt" */;
			compatibilityVersion = "Xcode 8.0";
			developmentRegion = en;
			hasScannedForEncodings = 0;
			knownRegions = (
				en,
				Base,
			);
			mainGroup = 3CDDC54C2059CDD400E1C721;
			productRefGroup = 3CDDC5562059CDD400E1C721 /* Products */;
			projectDirPath = "";
			projectRoot = "";
			targets = (
				3CDDC5542059CDD400E1C721 /* BookIt */,
				3CDDC5682059CDD400E1C721 /* BookItUITests */,
			);
		};
/* End PBXProject section */

/* Begin PBXResourcesBuildPhase section */
		3CDDC5532059CDD400E1C721 /* Resources */ = {
			isa = PBXResourcesBuildPhase;
			buildActionMask = 2147483647;
			files = (
				3CDDC5632059CDD400E1C721 /* LaunchScreen.storyboard in Resources */,
				3CDDC5602059CDD400E1C721 /* Assets.xcassets in Resources */,
				3CDDC55E2059CDD400E1C721 /* Main.storyboard in Resources */,
			);
			runOnlyForDeploymentPostprocessing = 0;
		};
		3CDDC5672059CDD400E1C721 /* Resources */ = {
			isa = PBXResourcesBuildPhase;
			buildActionMask = 2147483647;
			files = (
			);
			runOnlyForDeploymentPostprocessing = 0;
		};
/* End PBXResourcesBuildPhase section */

/* Begin PBXSourcesBuildPhase section */
		3CDDC5512059CDD400E1C721 /* Sources */ = {
			isa = PBXSourcesBuildPhase;
			buildActionMask = 2147483647;
			files = (
				3CDDC55B2059CDD400E1C721 /* ViewController.swift in Sources */,
				3CDDC5592059CDD400E1C721 /* AppDelegate.swift in Sources */,
			);
			runOnlyForDeploymentPostprocessing = 0;
		};
		3CDDC5652059CDD400E1C721 /* Sources */ = {
			isa = PBXSourcesBuildPhase;
			buildActionMask = 2147483647;
			files = (
				3CDDC56E2059CDD400E1C721 /* BookItUITests.swift in Sources */,
			);
			runOnlyForDeploymentPostprocessing = 0;
		};
/* End PBXSourcesBuildPhase section */

/* Begin PBXTargetDependency section */
		3CDDC56B2059CDD400E1C721 /* PBXTargetDependency */ = {
			isa = PBXTargetDependency;
			target = 3CDDC5542059CDD400E1C721 /* BookIt */;
			targetProxy = 3CDDC56A2059CDD400E1C721 /* PBXContainerItemProxy */;
		};
/* End PBXTargetDependency section */

/* Begin PBXVariantGroup section */
		3CDDC55C2059CDD400E1C721 /* Main.storyboard */ = {
			isa = PBXVariantGroup;
			children = (
				3CDDC55D2059CDD400E1C721 /* Base */,
			);
			name = Main.storyboard;
			sourceTree = "<group>";
		};
		3CDDC5612059CDD400E1C721 /* LaunchScreen.storyboard */ = {
			isa = PBXVariantGroup;
			children = (
				3CDDC5622059CDD400E1C721 /* Base */,
			);
			name = LaunchScreen.storyboard;
			sourceTree = "<group>";
		};
/* End PBXVariantGroup section */

/* Begin XCBuildConfiguration section */
		3CDDC5702059CDD400E1C721 /* Debug */ = {
			isa = XCBuildConfiguration;
			buildSettings = {
				ALWAYS_SEARCH_USER_PATHS = NO;
				CLANG_ANALYZER_NONNULL = YES;
				CLANG_ANALYZER_NUMBER_OBJECT_CONVERSION = YES_AGGRESSIVE;
				CLANG_CXX_LANGUAGE_STANDARD = "gnu++14";
				CLANG_CXX_LIBRARY = "libc++";
				CLANG_ENABLE_MODULES = YES;
				CLANG_ENABLE_OBJC_ARC = YES;
				CLANG_WARN_BLOCK_CAPTURE_AUTORELEASING = YES;
				CLANG_WARN_BOOL_CONVERSION = YES;
				CLANG_WARN_COMMA = YES;
				CLANG_WARN_CONSTANT_CONVERSION = YES;
				CLANG_WARN_DIRECT_OBJC_ISA_USAGE = YES_ERROR;
				CLANG_WARN_DOCUMENTATION_COMMENTS = YES;
				CLANG_WARN_EMPTY_BODY = YES;
				CLANG_WARN_ENUM_CONVERSION = YES;
				CLANG_WARN_INFINITE_RECURSION = YES;
				CLANG_WARN_INT_CONVERSION = YES;
				CLANG_WARN_NON_LITERAL_NULL_CONVERSION = YES;
				CLANG_WARN_OBJC_LITERAL_CONVERSION = YES;
				CLANG_WARN_OBJC_ROOT_CLASS = YES_ERROR;
				CLANG_WARN_RANGE_LOOP_ANALYSIS = YES;
				CLANG_WARN_STRICT_PROTOTYPES = YES;
				CLANG_WARN_SUSPICIOUS_MOVE = YES;
				CLANG_WARN_UNGUARDED_AVAILABILITY = YES_AGGRESSIVE;
				CLANG_WARN_UNREACHABLE_CODE = YES;
				CLANG_WARN__DUPLICATE_METHOD_MATCH = YES;
				CODE_SIGN_IDENTITY = "iPhone Developer";
				COPY_PHASE_STRIP = NO;
				DEBUG_INFORMATION_FORMAT = dwarf;
				ENABLE_STRICT_OBJC_MSGSEND = YES;
				ENABLE_TESTABILITY = YES;
				GCC_C_LANGUAGE_STANDARD = gnu11;
				GCC_DYNAMIC_NO_PIC = NO;
				GCC_NO_COMMON_BLOCKS = YES;
				GCC_OPTIMIZATION_LEVEL = 0;
				GCC_PREPROCESSOR_DEFINITIONS = (
					"DEBUG=1",
					"$(inherited)",
				);
				GCC_WARN_64_TO_32_BIT_CONVERSION = YES;
				GCC_WARN_ABOUT_RETURN_TYPE = YES_ERROR;
				GCC_WARN_UNDECLARED_SELECTOR = YES;
				GCC_WARN_UNINITIALIZED_AUTOS = YES_AGGRESSIVE;
				GCC_WARN_UNUSED_FUNCTION = YES;
				GCC_WARN_UNUSED_VARIABLE = YES;
				IPHONEOS_DEPLOYMENT_TARGET = 11.2;
				MTL_ENABLE_DEBUG_INFO = YES;
				ONLY_ACTIVE_ARCH = YES;
				SDKROOT = iphoneos;
				SWIFT_ACTIVE_COMPILATION_CONDITIONS = DEBUG;
				SWIFT_OPTIMIZATION_LEVEL = "-Onone";
			};
			name = Debug;
		};
		3CDDC5712059CDD400E1C721 /* Release */ = {
			isa = XCBuildConfiguration;
			buildSettings = {
				ALWAYS_SEARCH_USER_PATHS = NO;
				CLANG_ANALYZER_NONNULL = YES;
				CLANG_ANALYZER_NUMBER_OBJECT_CONVERSION = YES_AGGRESSIVE;
				CLANG_CXX_LANGUAGE_STANDARD = "gnu++14";
				CLANG_CXX_LIBRARY = "libc++";
				CLANG_ENABLE_MODULES = YES;
				CLANG_ENABLE_OBJC_ARC = YES;
				CLANG_WARN_BLOCK_CAPTURE_AUTORELEASING = YES;
				CLANG_WARN_BOOL_CONVERSION = YES;
				CLANG_WARN_COMMA = YES;
				CLANG_WARN_CONSTANT_CONVERSION = YES;
				CLANG_WARN_DIRECT_OBJC_ISA_USAGE = YES_ERROR;
				CLANG_WARN_DOCUMENTATION_COMMENTS = YES;
				CLANG_WARN_EMPTY_BODY = YES;
				CLANG_WARN_ENUM_CONVERSION = YES;
				CLANG_WARN_INFINITE_RECURSION = YES;
				CLANG_WARN_INT_CONVERSION = YES;
				CLANG_WARN_NON_LITERAL_NULL_CONVERSION = YES;
				CLANG_WARN_OBJC_LITERAL_CONVERSION = YES;
				CLANG_WARN_OBJC_ROOT_CLASS = YES_ERROR;
				CLANG_WARN_RANGE_LOOP_ANALYSIS = YES;
				CLANG_WARN_STRICT_PROTOTYPES = YES;
				CLANG_WARN_SUSPICIOUS_MOVE = YES;
				CLANG_WARN_UNGUARDED_AVAILABILITY = YES_AGGRESSIVE;
				CLANG_WARN_UNREACHABLE_CODE = YES;
				CLANG_WARN__DUPLICATE_METHOD_MATCH = YES;
				CODE_SIGN_IDENTITY = "iPhone Developer";
				COPY_PHASE_STRIP = NO;
				DEBUG_INFORMATION_FORMAT = "dwarf-with-dsym";
				ENABLE_NS_ASSERTIONS = NO;
				ENABLE_STRICT_OBJC_MSGSEND = YES;
				GCC_C_LANGUAGE_STANDARD = gnu11;
				GCC_NO_COMMON_BLOCKS = YES;
				GCC_WARN_64_TO_32_BIT_CONVERSION = YES;
				GCC_WARN_ABOUT_RETURN_TYPE = YES_ERROR;
				GCC_WARN_UNDECLARED_SELECTOR = YES;
				GCC_WARN_UNINITIALIZED_AUTOS = YES_AGGRESSIVE;
				GCC_WARN_UNUSED_FUNCTION = YES;
				GCC_WARN_UNUSED_VARIABLE = YES;
				IPHONEOS_DEPLOYMENT_TARGET = 11.2;
				MTL_ENABLE_DEBUG_INFO = NO;
				SDKROOT = iphoneos;
				SWIFT_OPTIMIZATION_LEVEL = "-Owholemodule";
				VALIDATE_PRODUCT = YES;
			};
			name = Release;
		};
		3CDDC5732059CDD400E1C721 /* Debug */ = {
			isa = XCBuildConfiguration;
			buildSettings = {
				ASSETCATALOG_COMPILER_APPICON_NAME = AppIcon;
				CODE_SIGN_STYLE = Automatic;
				DEVELOPMENT_TEAM = H9K35MT4VV;
				INFOPLIST_FILE = BookIt/Info.plist;
				LD_RUNPATH_SEARCH_PATHS = "$(inherited) @executable_path/Frameworks";
				PRODUCT_BUNDLE_IDENTIFIER = "Bryant-Brothers.BookIt";
				PRODUCT_NAME = "$(TARGET_NAME)";
				SWIFT_VERSION = 4.0;
				TARGETED_DEVICE_FAMILY = "1,2";
			};
			name = Debug;
		};
		3CDDC5742059CDD400E1C721 /* Release */ = {
			isa = XCBuildConfiguration;
			buildSettings = {
				ASSETCATALOG_COMPILER_APPICON_NAME = AppIcon;
				CODE_SIGN_STYLE = Automatic;
				DEVELOPMENT_TEAM = H9K35MT4VV;
				INFOPLIST_FILE = BookIt/Info.plist;
				LD_RUNPATH_SEARCH_PATHS = "$(inherited) @executable_path/Frameworks";
				PRODUCT_BUNDLE_IDENTIFIER = "Bryant-Brothers.BookIt";
				PRODUCT_NAME = "$(TARGET_NAME)";
				SWIFT_VERSION = 4.0;
				TARGETED_DEVICE_FAMILY = "1,2";
			};
			name = Release;
		};
		3CDDC5762059CDD400E1C721 /* Debug */ = {
			isa = XCBuildConfiguration;
			buildSettings = {
				ALWAYS_EMBED_SWIFT_STANDARD_LIBRARIES = YES;
				CODE_SIGN_STYLE = Automatic;
				DEVELOPMENT_TEAM = H9K35MT4VV;
				INFOPLIST_FILE = BookItUITests/Info.plist;
				LD_RUNPATH_SEARCH_PATHS = "$(inherited) @executable_path/Frameworks @loader_path/Frameworks";
				PRODUCT_BUNDLE_IDENTIFIER = "Bryant-Brothers.BookItUITests";
				PRODUCT_NAME = "$(TARGET_NAME)";
				SWIFT_VERSION = 4.0;
				TARGETED_DEVICE_FAMILY = "1,2";
				TEST_TARGET_NAME = BookIt;
			};
			name = Debug;
		};
		3CDDC5772059CDD400E1C721 /* Release */ = {
			isa = XCBuildConfiguration;
			buildSettings = {
				ALWAYS_EMBED_SWIFT_STANDARD_LIBRARIES = YES;
				CODE_SIGN_STYLE = Automatic;
				DEVELOPMENT_TEAM = H9K35MT4VV;
				INFOPLIST_FILE = BookItUITests/Info.plist;
				LD_RUNPATH_SEARCH_PATHS = "$(inherited) @executable_path/Frameworks @loader_path/Frameworks";
				PRODUCT_BUNDLE_IDENTIFIER = "Bryant-Brothers.BookItUITests";
				PRODUCT_NAME = "$(TARGET_NAME)";
				SWIFT_VERSION = 4.0;
				TARGETED_DEVICE_FAMILY = "1,2";
				TEST_TARGET_NAME = BookIt;
			};
			name = Release;
		};
/* End XCBuildConfiguration section */

/* Begin XCConfigurationList section */
		3CDDC5502059CDD400E1C721 /* Build configuration list for PBXProject "BookIt" */ = {
			isa = XCConfigurationList;
			buildConfigurations = (
				3CDDC5702059CDD400E1C721 /* Debug */,
				3CDDC5712059CDD400E1C721 /* Release */,
			);
			defaultConfigurationIsVisible = 0;
			defaultConfigurationName = Release;
		};
		3CDDC5722059CDD400E1C721 /* Build configuration list for PBXNativeTarget "BookIt" */ = {
			isa = XCConfigurationList;
			buildConfigurations = (
				3CDDC5732059CDD400E1C721 /* Debug */,
				3CDDC5742059CDD400E1C721 /* Release */,
			);
			defaultConfigurationIsVisible = 0;
			defaultConfigurationName = Release;
		};
		3CDDC5752059CDD400E1C721 /* Build configuration list for PBXNativeTarget "BookItUITests" */ = {
			isa = XCConfigurationList;
			buildConfigurations = (
				3CDDC5762059CDD400E1C721 /* Debug */,
				3CDDC5772059CDD400E1C721 /* Release */,
			);
			defaultConfigurationIsVisible = 0;
			defaultConfigurationName = Release;
		};
/* End XCConfigurationList section */
	};
	rootObject = 3CDDC54D2059CDD400E1C721 /* Project object */;
}
